
Microsoft Visual Studio Solution File, Format Version 12.00
Project("{2150E333-8FDC-42A3-9474-1A3956D46DE8}") = "src", "src", "{9305F45D-F02F-401D-97F8-02838F94031D}"
EndProject
Project("{FAE04EC0-301F-11D3-BF4B-00C04F79EFBC}") = "DesignPatterns.FactoryMethod", "src\DesignPatterns.FactoryMethod\DesignPatterns.FactoryMethod.csproj", "{D1322F58-CCF6-44C3-8EC4-9DF2B76B400E}"
EndProject
Project("{FAE04EC0-301F-11D3-BF4B-00C04F79EFBC}") = "DesignPatterns.AbstractFactory", "src\DesignPatterns.AbstractFactory\DesignPatterns.AbstractFactory.csproj", "{0AAB1066-4863-4998-9636-22F5478C3E57}"
EndProject
Global
	GlobalSection(SolutionConfigurationPlatforms) = preSolution
		Debug|Any CPU = Debug|Any CPU
		Release|Any CPU = Release|Any CPU
	EndGlobalSection
	GlobalSection(NestedProjects) = preSolution
		{D1322F58-CCF6-44C3-8EC4-9DF2B76B400E} = {9305F45D-F02F-401D-97F8-02838F94031D}
		{0AAB1066-4863-4998-9636-22F5478C3E57} = {9305F45D-F02F-401D-97F8-02838F94031D}
	EndGlobalSection
	GlobalSection(ProjectConfigurationPlatforms) = postSolution
		{D1322F58-CCF6-44C3-8EC4-9DF2B76B400E}.Debug|Any CPU.ActiveCfg = Debug|Any CPU
		{D1322F58-CCF6-44C3-8EC4-9DF2B76B400E}.Debug|Any CPU.Build.0 = Debug|Any CPU
		{D1322F58-CCF6-44C3-8EC4-9DF2B76B400E}.Release|Any CPU.ActiveCfg = Release|Any CPU
		{D1322F58-CCF6-44C3-8EC4-9DF2B76B400E}.Release|Any CPU.Build.0 = Release|Any CPU
		{0AAB1066-4863-4998-9636-22F5478C3E57}.Debug|Any CPU.ActiveCfg = Debug|Any CPU
		{0AAB1066-4863-4998-9636-22F5478C3E57}.Debug|Any CPU.Build.0 = Debug|Any CPU
		{0AAB1066-4863-4998-9636-22F5478C3E57}.Release|Any CPU.ActiveCfg = Release|Any CPU
		{0AAB1066-4863-4998-9636-22F5478C3E57}.Release|Any CPU.Build.0 = Release|Any CPU
	EndGlobalSection
EndGlobal
